
Microsoft Visual Studio Solution File, Format Version 12.00
# Visual Studio Version 16
VisualStudioVersion = 16.0.30907.101
MinimumVisualStudioVersion = 10.0.40219.1
Project("{FAE04EC0-301F-11D3-BF4B-00C04F79EFBC}") = "WebApplication1", "WebApplication1\WebApplication1.csproj", "{FD24C6BF-97BD-489C-B422-9C2562BD1C9A}"
EndProject
Project("{FAE04EC0-301F-11D3-BF4B-00C04F79EFBC}") = "ConsoleApp1", "ConsoleApp1\ConsoleApp1.csproj", "{A0F3CD12-CE6D-4E24-9BD3-025A7AFC92C0}"
EndProject
Global
	GlobalSection(SolutionConfigurationPlatforms) = preSolution
		Debug|Any CPU = Debug|Any CPU
		Release|Any CPU = Release|Any CPU
	EndGlobalSection
	GlobalSection(ProjectConfigurationPlatforms) = postSolution
		{FD24C6BF-97BD-489C-B422-9C2562BD1C9A}.Debug|Any CPU.ActiveCfg = Debug|Any CPU
		{FD24C6BF-97BD-489C-B422-9C2562BD1C9A}.Debug|Any CPU.Build.0 = Debug|Any CPU
		{FD24C6BF-97BD-489C-B422-9C2562BD1C9A}.Release|Any CPU.ActiveCfg = Release|Any CPU
		{FD24C6BF-97BD-489C-B422-9C2562BD1C9A}.Release|Any CPU.Build.0 = Release|Any CPU
		{A0F3CD12-CE6D-4E24-9BD3-025A7AFC92C0}.Debug|Any CPU.ActiveCfg = Debug|Any CPU
		{A0F3CD12-CE6D-4E24-9BD3-025A7AFC92C0}.Debug|Any CPU.Build.0 = Debug|Any CPU
		{A0F3CD12-CE6D-4E24-9BD3-025A7AFC92C0}.Release|Any CPU.ActiveCfg = Release|Any CPU
		{A0F3CD12-CE6D-4E24-9BD3-025A7AFC92C0}.Release|Any CPU.Build.0 = Release|Any CPU
	EndGlobalSection
	GlobalSection(SolutionProperties) = preSolution
		HideSolutionNode = FALSE
	EndGlobalSection
	GlobalSection(ExtensibilityGlobals) = postSolution
		SolutionGuid = {CC8A6459-3A9C-44D5-BB07-DE50E8CED186}
	EndGlobalSection
EndGlobal
